
Microsoft Visual Studio Solution File, Format Version 12.00
# Visual Studio Version 16
VisualStudioVersion = 16.0.31911.196
MinimumVisualStudioVersion = 10.0.40219.1
Project("{FAE04EC0-301F-11D3-BF4B-00C04F79EFBC}") = "MaterialDesignComboboxIssue", "MaterialDesignComboboxIssue\MaterialDesignComboboxIssue.csproj", "{08179CAB-2D12-49F8-BAE0-8A672B675591}"
EndProject
Global
	GlobalSection(SolutionConfigurationPlatforms) = preSolution
		Debug|Any CPU = Debug|Any CPU
		Release|Any CPU = Release|Any CPU
	EndGlobalSection
	GlobalSection(ProjectConfigurationPlatforms) = postSolution
		{08179CAB-2D12-49F8-BAE0-8A672B675591}.Debug|Any CPU.ActiveCfg = Debug|Any CPU
		{08179CAB-2D12-49F8-BAE0-8A672B675591}.Debug|Any CPU.Build.0 = Debug|Any CPU
		{08179CAB-2D12-49F8-BAE0-8A672B675591}.Release|Any CPU.ActiveCfg = Release|Any CPU
		{08179CAB-2D12-49F8-BAE0-8A672B675591}.Release|Any CPU.Build.0 = Release|Any CPU
	EndGlobalSection
	GlobalSection(SolutionProperties) = preSolution
		HideSolutionNode = FALSE
	EndGlobalSection
	GlobalSection(ExtensibilityGlobals) = postSolution
		SolutionGuid = {D3EAD76C-A3D7-4F03-B45E-92D03E8DF966}
	EndGlobalSection
EndGlobal
